
Microsoft Visual Studio Solution File, Format Version 12.00
# Visual Studio Version 17
VisualStudioVersion = 17.5.002.0
MinimumVisualStudioVersion = 10.0.40219.1
Project("{9A19103F-16F7-4668-BE54-9A1E7A4F7556}") = "RabbitMQService1", "RabbitMQService1.csproj", "{A86707C1-0034-4968-9F06-EB24795682D5}"
EndProject
Global
	GlobalSection(SolutionConfigurationPlatforms) = preSolution
		Debug|Any CPU = Debug|Any CPU
		Release|Any CPU = Release|Any CPU
	EndGlobalSection
	GlobalSection(ProjectConfigurationPlatforms) = postSolution
		{A86707C1-0034-4968-9F06-EB24795682D5}.Debug|Any CPU.ActiveCfg = Debug|Any CPU
		{A86707C1-0034-4968-9F06-EB24795682D5}.Debug|Any CPU.Build.0 = Debug|Any CPU
		{A86707C1-0034-4968-9F06-EB24795682D5}.Release|Any CPU.ActiveCfg = Release|Any CPU
		{A86707C1-0034-4968-9F06-EB24795682D5}.Release|Any CPU.Build.0 = Release|Any CPU
	EndGlobalSection
	GlobalSection(SolutionProperties) = preSolution
		HideSolutionNode = FALSE
	EndGlobalSection
	GlobalSection(ExtensibilityGlobals) = postSolution
		SolutionGuid = {8B24AE03-47C4-4836-974E-8A75CD83D069}
	EndGlobalSection
EndGlobal
